Microsoft Visual Studio Solution File, Format Version 12.00
# Visual Studio Version 17
VisualStudioVersion = 17.5.2.0
MinimumVisualStudioVersion = 10.0.40219.1
Project("{FAE04EC0-301F-11D3-BF4B-00C04F79EFBC}") = "CompaDecimalSystem", "CompaDecimal\CompaDecimalSystem.csproj", "{D5105618-F0BC-006D-8EC0-0839E59B9101}"
EndProject
Project("{FAE04EC0-301F-11D3-BF4B-00C04F79EFBC}") = "CompaDecimalTests", "CompaDecimalTests\CompaDecimalTests.csproj", "{51251F22-19D9-F03D-3CB8-4651C93AB985}"
EndProject
Global
	GlobalSection(SolutionConfigurationPlatforms) = preSolution
		Debug|Any CPU = Debug|Any CPU
		Release|Any CPU = Release|Any CPU
	EndGlobalSection
	GlobalSection(ProjectConfigurationPlatforms) = postSolution
		{D5105618-F0BC-006D-8EC0-0839E59B9101}.Debug|Any CPU.ActiveCfg = Debug|Any CPU
		{D5105618-F0BC-006D-8EC0-0839E59B9101}.Debug|Any CPU.Build.0 = Debug|Any CPU
		{D5105618-F0BC-006D-8EC0-0839E59B9101}.Release|Any CPU.ActiveCfg = Release|Any CPU
		{D5105618-F0BC-006D-8EC0-0839E59B9101}.Release|Any CPU.Build.0 = Release|Any CPU
		{51251F22-19D9-F03D-3CB8-4651C93AB985}.Debug|Any CPU.ActiveCfg = Debug|Any CPU
		{51251F22-19D9-F03D-3CB8-4651C93AB985}.Debug|Any CPU.Build.0 = Debug|Any CPU
		{51251F22-19D9-F03D-3CB8-4651C93AB985}.Release|Any CPU.ActiveCfg = Release|Any CPU
		{51251F22-19D9-F03D-3CB8-4651C93AB985}.Release|Any CPU.Build.0 = Release|Any CPU
	EndGlobalSection
	GlobalSection(SolutionProperties) = preSolution
		HideSolutionNode = FALSE
	EndGlobalSection
	GlobalSection(ExtensibilityGlobals) = postSolution
		SolutionGuid = {6C7723FF-6AB1-4919-B286-F342F6BB0FA3}
	EndGlobalSection
EndGlobal
